
Microsoft Visual Studio Solution File, Format Version 12.00
# Visual Studio 14
VisualStudioVersion = 14.0.23107.0
MinimumVisualStudioVersion = 10.0.40219.1
Project("{FAE04EC0-301F-11D3-BF4B-00C04F79EFBC}") = "Euler20", "Euler20\Euler20.csproj", "{EFCCB312-B0CF-45F3-AE20-132E1A486BFA}"
EndProject
Global
	GlobalSection(SolutionConfigurationPlatforms) = preSolution
		Debug|Any CPU = Debug|Any CPU
		Release|Any CPU = Release|Any CPU
	EndGlobalSection
	GlobalSection(ProjectConfigurationPlatforms) = postSolution
		{EFCCB312-B0CF-45F3-AE20-132E1A486BFA}.Debug|Any CPU.ActiveCfg = Debug|Any CPU
		{EFCCB312-B0CF-45F3-AE20-132E1A486BFA}.Debug|Any CPU.Build.0 = Debug|Any CPU
		{EFCCB312-B0CF-45F3-AE20-132E1A486BFA}.Release|Any CPU.ActiveCfg = Release|Any CPU
		{EFCCB312-B0CF-45F3-AE20-132E1A486BFA}.Release|Any CPU.Build.0 = Release|Any CPU
	EndGlobalSection
	GlobalSection(SolutionProperties) = preSolution
		HideSolutionNode = FALSE
	EndGlobalSection
EndGlobal
