
Microsoft Visual Studio Solution File, Format Version 12.00
# Visual Studio 14
VisualStudioVersion = 14.0.23107.0
MinimumVisualStudioVersion = 10.0.40219.1
Project("{FAE04EC0-301F-11D3-BF4B-00C04F79EFBC}") = "PalindromeNums", "PalindromeNums\PalindromeNums.csproj", "{207B9E7C-4590-498B-89CD-B0A66F9FC82A}"
EndProject
Global
	GlobalSection(SolutionConfigurationPlatforms) = preSolution
		Debug|Any CPU = Debug|Any CPU
		Release|Any CPU = Release|Any CPU
	EndGlobalSection
	GlobalSection(ProjectConfigurationPlatforms) = postSolution
		{207B9E7C-4590-498B-89CD-B0A66F9FC82A}.Debug|Any CPU.ActiveCfg = Debug|Any CPU
		{207B9E7C-4590-498B-89CD-B0A66F9FC82A}.Debug|Any CPU.Build.0 = Debug|Any CPU
		{207B9E7C-4590-498B-89CD-B0A66F9FC82A}.Release|Any CPU.ActiveCfg = Release|Any CPU
		{207B9E7C-4590-498B-89CD-B0A66F9FC82A}.Release|Any CPU.Build.0 = Release|Any CPU
	EndGlobalSection
	GlobalSection(SolutionProperties) = preSolution
		HideSolutionNode = FALSE
	EndGlobalSection
EndGlobal
